<?xml version="1.0" encoding="utf-8"?>
<Project ToolsVersion="4.0" xmlns="http://schemas.microsoft.com/developer/msbuild/2003">
  <ItemGroup>
    <Filter Include="Source">
      <UniqueIdentifier>{4FC737F1-C7A5-4376-A066-2A32D752A2FF}</UniqueIdentifier>
      <Extensions>cpp;c;cc;cxx;def;odl;idl;hpj;bat;asm;asmx</Extensions>
    </Filter>
    <Filter Include="Header">
      <UniqueIdentifier>{93995380-89BD-4b04-88EB-625FBE52EBFB}</UniqueIdentifier>
      <Extensions>h;hh;hpp;hxx;hm;inl;inc;xsd</Extensions>
    </Filter>
    <Filter Include="Resource">
      <UniqueIdentifier>{67DA6AB6-F800-4c08-8B7A-83BB121AAD01}</UniqueIdentifier>
      <Extensions>rc;ico;cur;bmp;dlg;rc2;rct;bin;rgs;gif;jpg;jpeg;jpe;resx;tiff;tif;png;wav;mfcribbon-ms</Extensions>
    </Filter>
  </ItemGroup>
  <ItemGroup>
    <ClCompile Include="Main.cpp">
      <Filter>Source</Filter>
    </ClCompile>
    <ClCompile Include="MikanLiteWindow.cpp">
      <Filter>Source</Filter>
    </ClCompile>
    <ClCompile Include="MikanLiteDesktop.cpp">
      <Filter>Source</Filter>
    </ClCompile>
    <ClCompile Include="Common.cpp">
      <Filter>Source</Filter>
    </ClCompile>
    <ClCompile Include="MikanLiteSystem.cpp">
      <Filter>Source</Filter>
    </ClCompile>
    <ClCompile Include="MikanLiteDraw.cpp">
      <Filter>Source</Filter>
    </ClCompile>
    <ClCompile Include="MikanLiteFont.cpp">
      <Filter>Source</Filter>
    </ClCompile>
    <ClCompile Include="MikanLiteDrawManagement.cpp">
      <Filter>Source</Filter>
    </ClCompile>
    <ClCompile Include="MikanLiteInput.cpp">
      <Filter>Source</Filter>
    </ClCompile>
  </ItemGroup>
  <ItemGroup>
    <ClInclude Include="MikanLite.h">
      <Filter>Header</Filter>
    </ClInclude>
    <ClInclude Include="MikanLiteWindow.h">
      <Filter>Header</Filter>
    </ClInclude>
    <ClInclude Include="Common.h">
      <Filter>Header</Filter>
    </ClInclude>
    <ClInclude Include="MikanLiteSystem.h">
      <Filter>Header</Filter>
    </ClInclude>
    <ClInclude Include="MikanLiteDraw.h">
      <Filter>Header</Filter>
    </ClInclude>
    <ClInclude Include="MikanLiteInput.h">
      <Filter>Header</Filter>
    </ClInclude>
  </ItemGroup>
  <ItemGroup>
    <ResourceCompile Include="Resource.rc">
      <Filter>Resource</Filter>
    </ResourceCompile>
  </ItemGroup>
  <ItemGroup>
    <Image Include="icon.ico">
      <Filter>Resource</Filter>
    </Image>
  </ItemGroup>
</Project>